
Microsoft Visual Studio Solution File, Format Version 12.00
# Visual Studio 15
VisualStudioVersion = 15.0.26430.14
MinimumVisualStudioVersion = 10.0.40219.1
Project("{9A19103F-16F7-4668-BE54-9A1E7A4F7556}") = "MusicProcess", "MusicProcess\MusicProcess.csproj", "{983B9C3F-C94A-406D-A0CD-CF843354E133}"
EndProject
Project("{9A19103F-16F7-4668-BE54-9A1E7A4F7556}") = "Training.DataGenerator", "Training\DataGenerator\Training.DataGenerator.csproj", "{3324F0A5-B1E1-48D2-B059-05AD55A68432}"
	ProjectSection(ProjectDependencies) = postProject
		{983B9C3F-C94A-406D-A0CD-CF843354E133} = {983B9C3F-C94A-406D-A0CD-CF843354E133}
	EndProjectSection
EndProject
Project("{FAE04EC0-301F-11D3-BF4B-00C04F79EFBC}") = "MusicProcessTest", "MusicProcessTest\MusicProcessTest.csproj", "{C180721C-46E9-46B4-A393-E91B0292E81C}"
EndProject
Global
	GlobalSection(SolutionConfigurationPlatforms) = preSolution
		Debug|Any CPU = Debug|Any CPU
		Release|Any CPU = Release|Any CPU
	EndGlobalSection
	GlobalSection(ProjectConfigurationPlatforms) = postSolution
		{983B9C3F-C94A-406D-A0CD-CF843354E133}.Debug|Any CPU.ActiveCfg = Debug|Any CPU
		{983B9C3F-C94A-406D-A0CD-CF843354E133}.Debug|Any CPU.Build.0 = Debug|Any CPU
		{983B9C3F-C94A-406D-A0CD-CF843354E133}.Release|Any CPU.ActiveCfg = Release|Any CPU
		{983B9C3F-C94A-406D-A0CD-CF843354E133}.Release|Any CPU.Build.0 = Release|Any CPU
		{3324F0A5-B1E1-48D2-B059-05AD55A68432}.Debug|Any CPU.ActiveCfg = Debug|Any CPU
		{3324F0A5-B1E1-48D2-B059-05AD55A68432}.Debug|Any CPU.Build.0 = Debug|Any CPU
		{3324F0A5-B1E1-48D2-B059-05AD55A68432}.Release|Any CPU.ActiveCfg = Release|Any CPU
		{3324F0A5-B1E1-48D2-B059-05AD55A68432}.Release|Any CPU.Build.0 = Release|Any CPU
		{C180721C-46E9-46B4-A393-E91B0292E81C}.Debug|Any CPU.ActiveCfg = Debug|Any CPU
		{C180721C-46E9-46B4-A393-E91B0292E81C}.Debug|Any CPU.Build.0 = Debug|Any CPU
		{C180721C-46E9-46B4-A393-E91B0292E81C}.Release|Any CPU.ActiveCfg = Release|Any CPU
		{C180721C-46E9-46B4-A393-E91B0292E81C}.Release|Any CPU.Build.0 = Release|Any CPU
	EndGlobalSection
	GlobalSection(SolutionProperties) = preSolution
		HideSolutionNode = FALSE
	EndGlobalSection
EndGlobal
